
Microsoft Visual Studio Solution File, Format Version 12.00
# Visual Studio 14
VisualStudioVersion = 14.0.24720.0
MinimumVisualStudioVersion = 10.0.40219.1
Project("{FAE04EC0-301F-11D3-BF4B-00C04F79EFBC}") = "SurveyOnline.WebSite", "SurveyOnline.WebSite\SurveyOnline.WebSite.csproj", "{3D1B3549-54E3-4F39-BEF2-1D2278A611AF}"
EndProject
Project("{FAE04EC0-301F-11D3-BF4B-00C04F79EFBC}") = "SurveyOnline.Models", "SurveyOnline.Models\SurveyOnline.Models.csproj", "{340F3ACA-479D-472D-A95C-81563775E319}"
EndProject
Project("{FAE04EC0-301F-11D3-BF4B-00C04F79EFBC}") = "SurveyOnline.DAL", "SurveyOnline.DAL\SurveyOnline.DAL.csproj", "{F32787BD-F3D3-497E-A5F5-D48388DDF280}"
EndProject
Project("{FAE04EC0-301F-11D3-BF4B-00C04F79EFBC}") = "SurveyOnline.Core", "SurveyOnline.Core\SurveyOnline.Core.csproj", "{1E37434D-C746-41AB-BFD6-EFA9BDEF0900}"
EndProject
Project("{FAE04EC0-301F-11D3-BF4B-00C04F79EFBC}") = "SurveyOnline.Tests", "SurveyOnline.Tests\SurveyOnline.Tests.csproj", "{62E1DA17-5056-403F-BDE4-AF1BD70B5EF2}"
EndProject
Global
	GlobalSection(SolutionConfigurationPlatforms) = preSolution
		Debug|Any CPU = Debug|Any CPU
		Release|Any CPU = Release|Any CPU
	EndGlobalSection
	GlobalSection(ProjectConfigurationPlatforms) = postSolution
		{3D1B3549-54E3-4F39-BEF2-1D2278A611AF}.Debug|Any CPU.ActiveCfg = Debug|Any CPU
		{3D1B3549-54E3-4F39-BEF2-1D2278A611AF}.Debug|Any CPU.Build.0 = Debug|Any CPU
		{3D1B3549-54E3-4F39-BEF2-1D2278A611AF}.Release|Any CPU.ActiveCfg = Release|Any CPU
		{3D1B3549-54E3-4F39-BEF2-1D2278A611AF}.Release|Any CPU.Build.0 = Release|Any CPU
		{340F3ACA-479D-472D-A95C-81563775E319}.Debug|Any CPU.ActiveCfg = Debug|Any CPU
		{340F3ACA-479D-472D-A95C-81563775E319}.Debug|Any CPU.Build.0 = Debug|Any CPU
		{340F3ACA-479D-472D-A95C-81563775E319}.Release|Any CPU.ActiveCfg = Release|Any CPU
		{340F3ACA-479D-472D-A95C-81563775E319}.Release|Any CPU.Build.0 = Release|Any CPU
		{F32787BD-F3D3-497E-A5F5-D48388DDF280}.Debug|Any CPU.ActiveCfg = Debug|Any CPU
		{F32787BD-F3D3-497E-A5F5-D48388DDF280}.Debug|Any CPU.Build.0 = Debug|Any CPU
		{F32787BD-F3D3-497E-A5F5-D48388DDF280}.Release|Any CPU.ActiveCfg = Release|Any CPU
		{F32787BD-F3D3-497E-A5F5-D48388DDF280}.Release|Any CPU.Build.0 = Release|Any CPU
		{1E37434D-C746-41AB-BFD6-EFA9BDEF0900}.Debug|Any CPU.ActiveCfg = Debug|Any CPU
		{1E37434D-C746-41AB-BFD6-EFA9BDEF0900}.Debug|Any CPU.Build.0 = Debug|Any CPU
		{1E37434D-C746-41AB-BFD6-EFA9BDEF0900}.Release|Any CPU.ActiveCfg = Release|Any CPU
		{1E37434D-C746-41AB-BFD6-EFA9BDEF0900}.Release|Any CPU.Build.0 = Release|Any CPU
		{62E1DA17-5056-403F-BDE4-AF1BD70B5EF2}.Debug|Any CPU.ActiveCfg = Debug|Any CPU
		{62E1DA17-5056-403F-BDE4-AF1BD70B5EF2}.Debug|Any CPU.Build.0 = Debug|Any CPU
		{62E1DA17-5056-403F-BDE4-AF1BD70B5EF2}.Release|Any CPU.ActiveCfg = Release|Any CPU
		{62E1DA17-5056-403F-BDE4-AF1BD70B5EF2}.Release|Any CPU.Build.0 = Release|Any CPU
	EndGlobalSection
	GlobalSection(SolutionProperties) = preSolution
		HideSolutionNode = FALSE
	EndGlobalSection
EndGlobal
